#MicroXplorer Configuration settings - do not modify
ADC2.Channel-0\#ChannelRegularConversion=ADC_CHANNEL_1
ADC2.ClockPrescaler=ADC_CLOCK_SYNC_PCLK_DIV4
ADC2.CommonPathInternal=null|null|null|null
ADC2.IPParameters=Rank-0\#ChannelRegularConversion,Channel-0\#ChannelRegularConversion,SamplingTime-0\#ChannelRegularConversion,OffsetNumber-0\#ChannelRegularConversion,NbrOfConversionFlag,ClockPrescaler,CommonPathInternal
ADC2.NbrOfConversionFlag=1
ADC2.OffsetNumber-0\#ChannelRegularConversion=ADC_OFFSET_NONE
ADC2.Rank-0\#ChannelRegularConversion=1
ADC2.SamplingTime-0\#ChannelRegularConversion=ADC_SAMPLETIME_2CYCLES_5
CAD.formats=
CAD.pinconfig=
CAD.provider=
Dma.Request0=USART1_RX
Dma.Request1=USART1_TX
Dma.Request2=USART2_RX
Dma.Request3=USART2_TX
Dma.RequestsNb=4
Dma.USART1_RX.0.Direction=DMA_PERIPH_TO_MEMORY
Dma.USART1_RX.0.EventEnable=DISABLE
Dma.USART1_RX.0.Instance=DMA1_Channel1
Dma.USART1_RX.0.MemDataAlignment=DMA_MDATAALIGN_BYTE
Dma.USART1_RX.0.MemInc=DMA_MINC_ENABLE
Dma.USART1_RX.0.Mode=DMA_CIRCULAR
Dma.USART1_RX.0.PeriphDataAlignment=DMA_PDATAALIGN_BYTE
Dma.USART1_RX.0.PeriphInc=DMA_PINC_DISABLE
Dma.USART1_RX.0.Polarity=HAL_DMAMUX_REQ_GEN_RISING
Dma.USART1_RX.0.Priority=DMA_PRIORITY_LOW
Dma.USART1_RX.0.RequestNumber=1
Dma.USART1_RX.0.RequestParameters=Instance,Direction,PeriphInc,MemInc,PeriphDataAlignment,MemDataAlignment,Mode,Priority,SignalID,Polarity,RequestNumber,SyncSignalID,SyncPolarity,SyncEnable,EventEnable,SyncRequestNumber
Dma.USART1_RX.0.SignalID=NONE
Dma.USART1_RX.0.SyncEnable=DISABLE
Dma.USART1_RX.0.SyncPolarity=HAL_DMAMUX_SYNC_NO_EVENT
Dma.USART1_RX.0.SyncRequestNumber=1
Dma.USART1_RX.0.SyncSignalID=NONE
Dma.USART1_TX.1.Direction=DMA_MEMORY_TO_PERIPH
Dma.USART1_TX.1.EventEnable=DISABLE
Dma.USART1_TX.1.Instance=DMA1_Channel2
Dma.USART1_TX.1.MemDataAlignment=DMA_MDATAALIGN_BYTE
Dma.USART1_TX.1.MemInc=DMA_MINC_ENABLE
Dma.USART1_TX.1.Mode=DMA_NORMAL
Dma.USART1_TX.1.PeriphDataAlignment=DMA_PDATAALIGN_BYTE
Dma.USART1_TX.1.PeriphInc=DMA_PINC_DISABLE
Dma.USART1_TX.1.Polarity=HAL_DMAMUX_REQ_GEN_RISING
Dma.USART1_TX.1.Priority=DMA_PRIORITY_LOW
Dma.USART1_TX.1.RequestNumber=1
Dma.USART1_TX.1.RequestParameters=Instance,Direction,PeriphInc,MemInc,PeriphDataAlignment,MemDataAlignment,Mode,Priority,SignalID,Polarity,RequestNumber,SyncSignalID,SyncPolarity,SyncEnable,EventEnable,SyncRequestNumber
Dma.USART1_TX.1.SignalID=NONE
Dma.USART1_TX.1.SyncEnable=DISABLE
Dma.USART1_TX.1.SyncPolarity=HAL_DMAMUX_SYNC_NO_EVENT
Dma.USART1_TX.1.SyncRequestNumber=1
Dma.USART1_TX.1.SyncSignalID=NONE
Dma.USART2_RX.2.Direction=DMA_PERIPH_TO_MEMORY
Dma.USART2_RX.2.EventEnable=DISABLE
Dma.USART2_RX.2.Instance=DMA1_Channel3
Dma.USART2_RX.2.MemDataAlignment=DMA_MDATAALIGN_BYTE
Dma.USART2_RX.2.MemInc=DMA_MINC_ENABLE
Dma.USART2_RX.2.Mode=DMA_CIRCULAR
Dma.USART2_RX.2.PeriphDataAlignment=DMA_PDATAALIGN_BYTE
Dma.USART2_RX.2.PeriphInc=DMA_PINC_DISABLE
Dma.USART2_RX.2.Polarity=HAL_DMAMUX_REQ_GEN_RISING
Dma.USART2_RX.2.Priority=DMA_PRIORITY_LOW
Dma.USART2_RX.2.RequestNumber=1
Dma.USART2_RX.2.RequestParameters=Instance,Direction,PeriphInc,MemInc,PeriphDataAlignment,MemDataAlignment,Mode,Priority,SignalID,Polarity,RequestNumber,SyncSignalID,SyncPolarity,SyncEnable,EventEnable,SyncRequestNumber
Dma.USART2_RX.2.SignalID=NONE
Dma.USART2_RX.2.SyncEnable=DISABLE
Dma.USART2_RX.2.SyncPolarity=HAL_DMAMUX_SYNC_NO_EVENT
Dma.USART2_RX.2.SyncRequestNumber=1
Dma.USART2_RX.2.SyncSignalID=NONE
Dma.USART2_TX.3.Direction=DMA_MEMORY_TO_PERIPH
Dma.USART2_TX.3.EventEnable=DISABLE
Dma.USART2_TX.3.Instance=DMA1_Channel4
Dma.USART2_TX.3.MemDataAlignment=DMA_MDATAALIGN_BYTE
Dma.USART2_TX.3.MemInc=DMA_MINC_ENABLE
Dma.USART2_TX.3.Mode=DMA_NORMAL
Dma.USART2_TX.3.PeriphDataAlignment=DMA_PDATAALIGN_BYTE
Dma.USART2_TX.3.PeriphInc=DMA_PINC_DISABLE
Dma.USART2_TX.3.Polarity=HAL_DMAMUX_REQ_GEN_RISING
Dma.USART2_TX.3.Priority=DMA_PRIORITY_LOW
Dma.USART2_TX.3.RequestNumber=1
Dma.USART2_TX.3.RequestParameters=Instance,Direction,PeriphInc,MemInc,PeriphDataAlignment,MemDataAlignment,Mode,Priority,SignalID,Polarity,RequestNumber,SyncSignalID,SyncPolarity,SyncEnable,EventEnable,SyncRequestNumber
Dma.USART2_TX.3.SignalID=NONE
Dma.USART2_TX.3.SyncEnable=DISABLE
Dma.USART2_TX.3.SyncPolarity=HAL_DMAMUX_SYNC_NO_EVENT
Dma.USART2_TX.3.SyncRequestNumber=1
Dma.USART2_TX.3.SyncSignalID=NONE
File.Version=6
GPIO.groupedBy=Group By Peripherals
I2C1.IPParameters=Timing
I2C1.Timing=0x60715075
KeepUserPlacement=false
Mcu.CPN=STM32G4A1KEU6
Mcu.Family=STM32G4
Mcu.IP0=ADC2
Mcu.IP1=CORDIC
Mcu.IP10=USART1
Mcu.IP11=USART2
Mcu.IP2=DMA
Mcu.IP3=I2C1
Mcu.IP4=NVIC
Mcu.IP5=RCC
Mcu.IP6=SYS
Mcu.IP7=TIM3
Mcu.IP8=TIM4
Mcu.IP9=TIM6
Mcu.IPNb=12
Mcu.Name=STM32G4A1KEUx
Mcu.Package=UFQFPN32
Mcu.Pin0=PF0-OSC_IN
Mcu.Pin1=PF1-OSC_OUT
Mcu.Pin10=PA10
Mcu.Pin11=PA11
Mcu.Pin12=PA12
Mcu.Pin13=PA13
Mcu.Pin14=PA14
Mcu.Pin15=PA15
Mcu.Pin16=PB3
Mcu.Pin17=PB4
Mcu.Pin18=PB5
Mcu.Pin19=PB7
Mcu.Pin2=PA0
Mcu.Pin20=VP_CORDIC_VS_CORDIC
Mcu.Pin21=VP_SYS_VS_Systick
Mcu.Pin22=VP_SYS_VS_DBSignals
Mcu.Pin23=VP_TIM3_VS_no_output2
Mcu.Pin24=VP_TIM6_VS_ClockSourceINT
Mcu.Pin3=PA1
Mcu.Pin4=PA2
Mcu.Pin5=PA3
Mcu.Pin6=PA4
Mcu.Pin7=PA6
Mcu.Pin8=PA8
Mcu.Pin9=PA9
Mcu.PinsNb=25
Mcu.ThirdPartyNb=0
Mcu.UserConstants=
Mcu.UserName=STM32G4A1KEUx
MxCube.Version=6.12.1
MxDb.Version=DB.6.0.121
NVIC.BusFault_IRQn=true\:0\:0\:false\:false\:true\:false\:false\:false
NVIC.DMA1_Channel1_IRQn=true\:0\:0\:false\:false\:true\:false\:true\:true
NVIC.DMA1_Channel2_IRQn=true\:0\:0\:false\:false\:true\:false\:true\:true
NVIC.DMA1_Channel3_IRQn=true\:0\:0\:false\:false\:true\:false\:true\:true
NVIC.DMA1_Channel4_IRQn=true\:0\:0\:false\:false\:true\:false\:true\:true
NVIC.DebugMonitor_IRQn=true\:0\:0\:false\:false\:true\:false\:false\:false
NVIC.EXTI4_IRQn=true\:0\:0\:false\:false\:true\:true\:true\:true
NVIC.ForceEnableDMAVector=true
NVIC.HardFault_IRQn=true\:0\:0\:false\:false\:true\:false\:false\:false
NVIC.MemoryManagement_IRQn=true\:0\:0\:false\:false\:true\:false\:false\:false
NVIC.NonMaskableInt_IRQn=true\:0\:0\:false\:false\:true\:false\:false\:false
NVIC.PendSV_IRQn=true\:0\:0\:false\:false\:true\:false\:false\:false
NVIC.PriorityGroup=NVIC_PRIORITYGROUP_4
NVIC.SVCall_IRQn=true\:0\:0\:false\:false\:true\:false\:false\:false
NVIC.SysTick_IRQn=true\:15\:0\:false\:false\:true\:false\:true\:false
NVIC.TIM3_IRQn=true\:0\:0\:false\:false\:true\:true\:true\:true
NVIC.TIM4_IRQn=true\:0\:0\:false\:false\:true\:true\:true\:true
NVIC.TIM6_DAC_IRQn=true\:0\:0\:false\:false\:true\:true\:true\:true
NVIC.USART1_IRQn=true\:0\:0\:false\:false\:true\:false\:true\:true
NVIC.USART2_IRQn=true\:0\:0\:false\:false\:true\:false\:true\:true
NVIC.UsageFault_IRQn=true\:0\:0\:false\:false\:true\:false\:false\:false
PA0.GPIOParameters=GPIO_Label
PA0.GPIO_Label=SV1_ADC
PA0.Mode=IN1-Single-Ended
PA0.Signal=ADC2_IN1
PA1.GPIOParameters=GPIO_Label
PA1.GPIO_Label=SV2_ADC
PA1.Mode=IN2-Single-Ended
PA1.Signal=ADC2_IN2
PA10.GPIOParameters=GPIO_Label
PA10.GPIO_Label=SBUS
PA10.Mode=Asynchronous
PA10.Signal=USART1_RX
PA11.GPIOParameters=GPIO_Label
PA11.GPIO_Label=SV1_PWM
PA11.Signal=S_TIM4_CH1
PA12.GPIOParameters=GPIO_Label
PA12.GPIO_Label=SV2_PWM
PA12.Signal=S_TIM4_CH2
PA13.Mode=Serial_Wire
PA13.Signal=SYS_JTMS-SWDIO
PA14.Mode=Serial_Wire
PA14.Signal=SYS_JTCK-SWCLK
PA15.GPIOParameters=GPIO_Label
PA15.GPIO_Label=IMU_SCL
PA15.Mode=I2C
PA15.Signal=I2C1_SCL
PA2.GPIOParameters=GPIO_Label
PA2.GPIO_Label=BLE_RX
PA2.Mode=Asynchronous
PA2.Signal=USART2_TX
PA3.GPIOParameters=GPIO_Label
PA3.GPIO_Label=BLE_TX
PA3.Mode=Asynchronous
PA3.Signal=USART2_RX
PA4.GPIOParameters=GPIO_Label
PA4.GPIO_Label=IMU_INT
PA4.Locked=true
PA4.Signal=GPXTI4
PA6.GPIOParameters=GPIO_Label
PA6.GPIO_Label=BAT_ADC
PA6.Mode=IN3-Single-Ended
PA6.Signal=ADC2_IN3
PA8.GPIOParameters=GPIO_Label
PA8.GPIO_Label=LED1
PA8.Locked=true
PA8.Signal=GPIO_Output
PA9.GPIOParameters=GPIO_Label
PA9.GPIO_Label=TX1
PA9.Mode=Asynchronous
PA9.Signal=USART1_TX
PB3.GPIOParameters=GPIO_Label
PB3.GPIO_Label=BAT_IO
PB3.Locked=true
PB3.Signal=GPIO_Input
PB4.GPIOParameters=GPIO_Label
PB4.GPIO_Label=SV1_DIR
PB4.Locked=true
PB4.Signal=GPIO_Output
PB5.GPIOParameters=GPIO_Label
PB5.GPIO_Label=SV2_DIR
PB5.Locked=true
PB5.Signal=GPIO_Output
PB7.GPIOParameters=GPIO_Label
PB7.GPIO_Label=IMU_SDA
PB7.Mode=I2C
PB7.Signal=I2C1_SDA
PF0-OSC_IN.Mode=HSE-External-Oscillator
PF0-OSC_IN.Signal=RCC_OSC_IN
PF1-OSC_OUT.Mode=HSE-External-Oscillator
PF1-OSC_OUT.Signal=RCC_OSC_OUT
PinOutPanel.RotationAngle=0
ProjectManager.AskForMigrate=true
ProjectManager.BackupPrevious=false
ProjectManager.CompilerLinker=GCC
ProjectManager.CompilerOptimize=6
ProjectManager.ComputerToolchain=false
ProjectManager.CoupleFile=true
ProjectManager.CustomerFirmwarePackage=
ProjectManager.DefaultFWLocation=true
ProjectManager.DeletePrevious=true
ProjectManager.DeviceId=STM32G4A1KEUx
ProjectManager.FirmwarePackage=STM32Cube FW_G4 V1.6.1
ProjectManager.FreePins=false
ProjectManager.HalAssertFull=false
ProjectManager.HeapSize=0x200
ProjectManager.KeepUserCode=true
ProjectManager.LastFirmware=true
ProjectManager.LibraryCopy=1
ProjectManager.MainLocation=Core/Src
ProjectManager.NoMain=false
ProjectManager.PreviousToolchain=
ProjectManager.ProjectBuild=false
ProjectManager.ProjectFileName=25-10-15_G431KEU6_control_program.ioc
ProjectManager.ProjectName=25-10-15_G431KEU6_control_program
ProjectManager.ProjectStructure=
ProjectManager.RegisterCallBack=
ProjectManager.StackSize=0x400
ProjectManager.TargetToolchain=MDK-ARM V5.32
ProjectManager.ToolChainLocation=
ProjectManager.UAScriptAfterPath=
ProjectManager.UAScriptBeforePath=
ProjectManager.UnderRoot=false
ProjectManager.functionlistsort=1-SystemClock_Config-RCC-false-HAL-false,2-MX_GPIO_Init-GPIO-false-HAL-true,3-MX_DMA_Init-DMA-false-HAL-true,4-MX_ADC2_Init-ADC2-false-HAL-true,5-MX_I2C1_Init-I2C1-false-HAL-true,6-MX_TIM3_Init-TIM3-false-HAL-true,7-MX_TIM4_Init-TIM4-false-HAL-true,8-MX_USART1_UART_Init-USART1-false-HAL-true,9-MX_USART2_UART_Init-USART2-false-HAL-true,10-MX_CORDIC_Init-CORDIC-false-HAL-true,11-MX_TIM6_Init-TIM6-false-HAL-true
RCC.ADC12Freq_Value=144000000
RCC.ADC345Freq_Value=144000000
RCC.AHBFreq_Value=144000000
RCC.APB1Freq_Value=144000000
RCC.APB1TimFreq_Value=144000000
RCC.APB2Freq_Value=144000000
RCC.APB2TimFreq_Value=144000000
RCC.CRSFreq_Value=48000000
RCC.CortexFreq_Value=144000000
RCC.EXTERNAL_CLOCK_VALUE=12288000
RCC.FCLKCortexFreq_Value=144000000
RCC.FDCANFreq_Value=144000000
RCC.FamilyName=M
RCC.HCLKFreq_Value=144000000
RCC.HRTIM1Freq_Value=144000000
RCC.HSE_VALUE=8000000
RCC.HSI48_VALUE=48000000
RCC.HSI_VALUE=16000000
RCC.I2C1Freq_Value=144000000
RCC.I2C2Freq_Value=144000000
RCC.I2C3Freq_Value=144000000
RCC.I2SFreq_Value=144000000
RCC.IPParameters=ADC12Freq_Value,ADC345Freq_Value,AHBFreq_Value,APB1Freq_Value,APB1TimFreq_Value,APB2Freq_Value,APB2TimFreq_Value,CRSFreq_Value,CortexFreq_Value,EXTERNAL_CLOCK_VALUE,FCLKCortexFreq_Value,FDCANFreq_Value,FamilyName,HCLKFreq_Value,HRTIM1Freq_Value,HSE_VALUE,HSI48_VALUE,HSI_VALUE,I2C1Freq_Value,I2C2Freq_Value,I2C3Freq_Value,I2SFreq_Value,LPTIM1Freq_Value,LPUART1Freq_Value,LSCOPinFreq_Value,LSE_VALUE,LSI_VALUE,MCO1PinFreq_Value,PLLN,PLLPoutputFreq_Value,PLLQoutputFreq_Value,PLLRCLKFreq_Value,PLLSourceVirtual,PWRFreq_Value,QSPIFreq_Value,SAI1Freq_Value,SYSCLKFreq_VALUE,SYSCLKSource,USART1Freq_Value,USART2Freq_Value,VCOInputFreq_Value,VCOOutputFreq_Value
RCC.LPTIM1Freq_Value=144000000
RCC.LPUART1Freq_Value=144000000
RCC.LSCOPinFreq_Value=32000
RCC.LSE_VALUE=32768
RCC.LSI_VALUE=32000
RCC.MCO1PinFreq_Value=16000000
RCC.PLLN=36
RCC.PLLPoutputFreq_Value=144000000
RCC.PLLQoutputFreq_Value=144000000
RCC.PLLRCLKFreq_Value=144000000
RCC.PLLSourceVirtual=RCC_PLLSOURCE_HSE
RCC.PWRFreq_Value=144000000
RCC.QSPIFreq_Value=144000000
RCC.SAI1Freq_Value=144000000
RCC.SYSCLKFreq_VALUE=144000000
RCC.SYSCLKSource=RCC_SYSCLKSOURCE_PLLCLK
RCC.USART1Freq_Value=144000000
RCC.USART2Freq_Value=144000000
RCC.VCOInputFreq_Value=8000000
RCC.VCOOutputFreq_Value=288000000
SH.GPXTI4.0=GPIO_EXTI4
SH.GPXTI4.ConfNb=1
SH.S_TIM4_CH1.0=TIM4_CH1,PWM Generation1 CH1
SH.S_TIM4_CH1.ConfNb=1
SH.S_TIM4_CH2.0=TIM4_CH2,PWM Generation2 CH2
SH.S_TIM4_CH2.ConfNb=1
TIM3.Channel-Output\ Compare2\ No\ Output=TIM_CHANNEL_2
TIM3.IPParameters=Channel-Output Compare2 No Output,Prescaler,PeriodNoDither
TIM3.PeriodNoDither=1000-1
TIM3.Prescaler=144-1
TIM4.AutoReloadPreload=TIM_AUTORELOAD_PRELOAD_ENABLE
TIM4.Channel-PWM\ Generation1\ CH1=TIM_CHANNEL_1
TIM4.Channel-PWM\ Generation2\ CH2=TIM_CHANNEL_2
TIM4.IPParameters=Channel-PWM Generation1 CH1,Channel-PWM Generation2 CH2,Prescaler,PeriodNoDither,AutoReloadPreload,TIM_MasterOutputTrigger,PulseNoDither_1,PulseNoDither_2,OCMode_PWM-PWM Generation2 CH2
TIM4.OCMode_PWM-PWM\ Generation2\ CH2=TIM_OCMODE_PWM1
TIM4.PeriodNoDither=5000-1
TIM4.Prescaler=144-1
TIM4.PulseNoDither_1=2500
TIM4.PulseNoDither_2=500
TIM4.TIM_MasterOutputTrigger=TIM_TRGO_UPDATE
TIM6.IPParameters=Prescaler,PeriodNoDither
TIM6.PeriodNoDither=500-1
TIM6.Prescaler=1440-1
USART1.BaudRate=100000
USART1.IPParameters=VirtualMode-Asynchronous,BaudRate,WordLength,Parity,StopBits
USART1.Parity=PARITY_EVEN
USART1.StopBits=STOPBITS_2
USART1.VirtualMode-Asynchronous=VM_ASYNC
USART1.WordLength=WORDLENGTH_9B
USART2.BaudRate=19200
USART2.IPParameters=VirtualMode-Asynchronous,BaudRate
USART2.VirtualMode-Asynchronous=VM_ASYNC
VP_CORDIC_VS_CORDIC.Mode=CORDIC_Activate
VP_CORDIC_VS_CORDIC.Signal=CORDIC_VS_CORDIC
VP_SYS_VS_DBSignals.Mode=DisableDeadBatterySignals
VP_SYS_VS_DBSignals.Signal=SYS_VS_DBSignals
VP_SYS_VS_Systick.Mode=SysTick
VP_SYS_VS_Systick.Signal=SYS_VS_Systick
VP_TIM3_VS_no_output2.Mode=Output Compare2 No Output
VP_TIM3_VS_no_output2.Signal=TIM3_VS_no_output2
VP_TIM6_VS_ClockSourceINT.Mode=Enable_Timer
VP_TIM6_VS_ClockSourceINT.Signal=TIM6_VS_ClockSourceINT
board=custom
